
Microsoft Visual Studio Solution File, Format Version 12.00
# Visual Studio Version 16
VisualStudioVersion = 16.0.30114.105
MinimumVisualStudioVersion = 10.0.40219.1
Project("{9A19103F-16F7-4668-BE54-9A1E7A4F7556}") = "EFExamples", "EFExamples\EFExamples.csproj", "{8532D31C-847B-4184-95F7-C9A8283E5926}"
EndProject
Project("{9A19103F-16F7-4668-BE54-9A1E7A4F7556}") = "EFExamples.Data", "EFExamples.Data\EFExamples.Data.csproj", "{BFEF840A-087A-41A7-A0B8-95923AE2208E}"
EndProject
Project("{9A19103F-16F7-4668-BE54-9A1E7A4F7556}") = "EFExample.Services", "EFExample.Services\EFExample.Services.csproj", "{22BF5991-F688-4D37-8592-4C379CD58848}"
EndProject
Project("{9A19103F-16F7-4668-BE54-9A1E7A4F7556}") = "DbMigrator", "DbMigrator\DbMigrator.csproj", "{CBC568BD-A89E-4DE2-9681-4A78B252DF15}"
EndProject
Project("{FAE04EC0-301F-11D3-BF4B-00C04F79EFBC}") = "EFExamples.Web", "EFExamples.Web\EFExamples.Web.csproj", "{D123DF56-E6D2-4F2C-8A21-ACAB3AB75FDC}"
EndProject
Project("{FAE04EC0-301F-11D3-BF4B-00C04F79EFBC}") = "EFExamples.WcfService", "EFExamples.WcfService\EFExamples.WcfService.csproj", "{58109C3C-158D-4B7A-B15E-6F69B24974EE}"
EndProject
Project("{FAE04EC0-301F-11D3-BF4B-00C04F79EFBC}") = "EFExamples.Web.Old", "EFExamples.Web.Old\EFExamples.Web.Old.csproj", "{FF9106CD-CF60-4A7C-A278-5392DC94EE5B}"
EndProject
Global
	GlobalSection(SolutionConfigurationPlatforms) = preSolution
		Debug|Any CPU = Debug|Any CPU
		Release|Any CPU = Release|Any CPU
	EndGlobalSection
	GlobalSection(ProjectConfigurationPlatforms) = postSolution
		{8532D31C-847B-4184-95F7-C9A8283E5926}.Debug|Any CPU.ActiveCfg = Debug|Any CPU
		{8532D31C-847B-4184-95F7-C9A8283E5926}.Debug|Any CPU.Build.0 = Debug|Any CPU
		{8532D31C-847B-4184-95F7-C9A8283E5926}.Release|Any CPU.ActiveCfg = Release|Any CPU
		{8532D31C-847B-4184-95F7-C9A8283E5926}.Release|Any CPU.Build.0 = Release|Any CPU
		{BFEF840A-087A-41A7-A0B8-95923AE2208E}.Debug|Any CPU.ActiveCfg = Debug|Any CPU
		{BFEF840A-087A-41A7-A0B8-95923AE2208E}.Debug|Any CPU.Build.0 = Debug|Any CPU
		{BFEF840A-087A-41A7-A0B8-95923AE2208E}.Release|Any CPU.ActiveCfg = Release|Any CPU
		{BFEF840A-087A-41A7-A0B8-95923AE2208E}.Release|Any CPU.Build.0 = Release|Any CPU
		{22BF5991-F688-4D37-8592-4C379CD58848}.Debug|Any CPU.ActiveCfg = Debug|Any CPU
		{22BF5991-F688-4D37-8592-4C379CD58848}.Debug|Any CPU.Build.0 = Debug|Any CPU
		{22BF5991-F688-4D37-8592-4C379CD58848}.Release|Any CPU.ActiveCfg = Release|Any CPU
		{22BF5991-F688-4D37-8592-4C379CD58848}.Release|Any CPU.Build.0 = Release|Any CPU
		{CBC568BD-A89E-4DE2-9681-4A78B252DF15}.Debug|Any CPU.ActiveCfg = Debug|Any CPU
		{CBC568BD-A89E-4DE2-9681-4A78B252DF15}.Debug|Any CPU.Build.0 = Debug|Any CPU
		{CBC568BD-A89E-4DE2-9681-4A78B252DF15}.Release|Any CPU.ActiveCfg = Release|Any CPU
		{CBC568BD-A89E-4DE2-9681-4A78B252DF15}.Release|Any CPU.Build.0 = Release|Any CPU
		{D123DF56-E6D2-4F2C-8A21-ACAB3AB75FDC}.Debug|Any CPU.ActiveCfg = Debug|Any CPU
		{D123DF56-E6D2-4F2C-8A21-ACAB3AB75FDC}.Debug|Any CPU.Build.0 = Debug|Any CPU
		{D123DF56-E6D2-4F2C-8A21-ACAB3AB75FDC}.Release|Any CPU.ActiveCfg = Release|Any CPU
		{D123DF56-E6D2-4F2C-8A21-ACAB3AB75FDC}.Release|Any CPU.Build.0 = Release|Any CPU
		{58109C3C-158D-4B7A-B15E-6F69B24974EE}.Debug|Any CPU.ActiveCfg = Debug|Any CPU
		{58109C3C-158D-4B7A-B15E-6F69B24974EE}.Debug|Any CPU.Build.0 = Debug|Any CPU
		{58109C3C-158D-4B7A-B15E-6F69B24974EE}.Release|Any CPU.ActiveCfg = Release|Any CPU
		{58109C3C-158D-4B7A-B15E-6F69B24974EE}.Release|Any CPU.Build.0 = Release|Any CPU
		{FF9106CD-CF60-4A7C-A278-5392DC94EE5B}.Debug|Any CPU.ActiveCfg = Debug|Any CPU
		{FF9106CD-CF60-4A7C-A278-5392DC94EE5B}.Debug|Any CPU.Build.0 = Debug|Any CPU
		{FF9106CD-CF60-4A7C-A278-5392DC94EE5B}.Release|Any CPU.ActiveCfg = Release|Any CPU
		{FF9106CD-CF60-4A7C-A278-5392DC94EE5B}.Release|Any CPU.Build.0 = Release|Any CPU
	EndGlobalSection
	GlobalSection(SolutionProperties) = preSolution
		HideSolutionNode = FALSE
	EndGlobalSection
	GlobalSection(ExtensibilityGlobals) = postSolution
		SolutionGuid = {22E330B8-B347-4933-8EE4-95C1C35CDF9E}
	EndGlobalSection
EndGlobal
