
Microsoft Visual Studio Solution File, Format Version 12.00
# Visual Studio Version 16
VisualStudioVersion = 16.0.30114.105
MinimumVisualStudioVersion = 10.0.40219.1
Project("{FAE04EC0-301F-11D3-BF4B-00C04F79EFBC}") = "EFExamples", "EFExamples\EFExamples.csproj", "{8532D31C-847B-4184-95F7-C9A8283E5926}"
EndProject
Project("{FAE04EC0-301F-11D3-BF4B-00C04F79EFBC}") = "EFExamples.Data", "EFExamples.Data\EFExamples.Data.csproj", "{BFEF840A-087A-41A7-A0B8-95923AE2208E}"
EndProject
Project("{FAE04EC0-301F-11D3-BF4B-00C04F79EFBC}") = "EFExample.Services", "EFExample.Services\EFExample.Services.csproj", "{22BF5991-F688-4D37-8592-4C379CD58848}"
EndProject
Global
	GlobalSection(SolutionConfigurationPlatforms) = preSolution
		Debug|Any CPU = Debug|Any CPU
		Release|Any CPU = Release|Any CPU
	EndGlobalSection
	GlobalSection(ProjectConfigurationPlatforms) = postSolution
		{8532D31C-847B-4184-95F7-C9A8283E5926}.Debug|Any CPU.ActiveCfg = Debug|Any CPU
		{8532D31C-847B-4184-95F7-C9A8283E5926}.Debug|Any CPU.Build.0 = Debug|Any CPU
		{8532D31C-847B-4184-95F7-C9A8283E5926}.Release|Any CPU.ActiveCfg = Release|Any CPU
		{8532D31C-847B-4184-95F7-C9A8283E5926}.Release|Any CPU.Build.0 = Release|Any CPU
		{BFEF840A-087A-41A7-A0B8-95923AE2208E}.Debug|Any CPU.ActiveCfg = Debug|Any CPU
		{BFEF840A-087A-41A7-A0B8-95923AE2208E}.Debug|Any CPU.Build.0 = Debug|Any CPU
		{BFEF840A-087A-41A7-A0B8-95923AE2208E}.Release|Any CPU.ActiveCfg = Release|Any CPU
		{BFEF840A-087A-41A7-A0B8-95923AE2208E}.Release|Any CPU.Build.0 = Release|Any CPU
		{22BF5991-F688-4D37-8592-4C379CD58848}.Debug|Any CPU.ActiveCfg = Debug|Any CPU
		{22BF5991-F688-4D37-8592-4C379CD58848}.Debug|Any CPU.Build.0 = Debug|Any CPU
		{22BF5991-F688-4D37-8592-4C379CD58848}.Release|Any CPU.ActiveCfg = Release|Any CPU
		{22BF5991-F688-4D37-8592-4C379CD58848}.Release|Any CPU.Build.0 = Release|Any CPU
	EndGlobalSection
	GlobalSection(SolutionProperties) = preSolution
		HideSolutionNode = FALSE
	EndGlobalSection
	GlobalSection(ExtensibilityGlobals) = postSolution
		SolutionGuid = {22E330B8-B347-4933-8EE4-95C1C35CDF9E}
	EndGlobalSection
EndGlobal
